hash: 905bdc4810da19022f83b1d50bbca3ecd09657ab2f14515729589e6fddc41752
updated: 2018-08-02T22:53:23.105057448+08:00
imports:
- name: github.com/gorilla/mux
  version: e3702bed27f0d39777b0b37b664b6280e8ef8fbf
- name: github.com/sirupsen/logrus
  version: 3e01752db0189b9157070a0e1668a620f9a85da2
- name: golang.org/x/crypto
  version: c126467f60eb25f8f27e5a981f32a87e3965053f
  subpackages:
  - ssh/terminal
- name: golang.org/x/sys
  version: 3dc4335d56c789b04b0ba99b7a37249d9b614314
  subpackages:
  - unix
  - windows
testImports: []
